
Microsoft Visual Studio Solution File, Format Version 12.00
# Visual Studio Version 17
VisualStudioVersion = 17.7.34031.279
MinimumVisualStudioVersion = 10.0.40219.1
Project("{2150E333-8FDC-42A3-9474-1A3956D46DE8}") = "src", "src", "{DBDBD4A4-175D-47A8-A01D-03DB911B954F}"
EndProject
Project("{2150E333-8FDC-42A3-9474-1A3956D46DE8}") = "Backend", "Backend", "{BF0F17F2-7C4E-44F7-AFEA-A47B720A0000}"
EndProject
Project("{2150E333-8FDC-42A3-9474-1A3956D46DE8}") = "Shared", "Shared", "{E4409FAA-7114-4FE6-AC56-F07F97EADC17}"
EndProject
Project("{FAE04EC0-301F-11D3-BF4B-00C04F79EFBC}") = "ControleDeMateriais.Api", "ControleDeMateriais.Api\ControleDeMateriais.Api.csproj", "{2D617FF0-C8D9-49E3-B31B-A6EC93AC7964}"
	ProjectSection(ProjectDependencies) = postProject
		{0424B9ED-64C9-4CF0-8FCA-553450F65FBD} = {0424B9ED-64C9-4CF0-8FCA-553450F65FBD}
		{46D13C78-3114-4F9E-BC66-48415F622BEA} = {46D13C78-3114-4F9E-BC66-48415F622BEA}
		{715D5B28-B0AF-47FB-9B2F-2C2F722A50E2} = {715D5B28-B0AF-47FB-9B2F-2C2F722A50E2}
		{DB627CAE-21E3-46BE-9534-040A843E77F8} = {DB627CAE-21E3-46BE-9534-040A843E77F8}
	EndProjectSection
EndProject
Project("{FAE04EC0-301F-11D3-BF4B-00C04F79EFBC}") = "ControleDeMateriais.Application", "ControleDeMateriais.Application\ControleDeMateriais.Application.csproj", "{0424B9ED-64C9-4CF0-8FCA-553450F65FBD}"
	ProjectSection(ProjectDependencies) = postProject
		{46D13C78-3114-4F9E-BC66-48415F622BEA} = {46D13C78-3114-4F9E-BC66-48415F622BEA}
		{715D5B28-B0AF-47FB-9B2F-2C2F722A50E2} = {715D5B28-B0AF-47FB-9B2F-2C2F722A50E2}
		{C1ED2725-A744-4664-A4BE-554887AA706B} = {C1ED2725-A744-4664-A4BE-554887AA706B}
		{DB627CAE-21E3-46BE-9534-040A843E77F8} = {DB627CAE-21E3-46BE-9534-040A843E77F8}
	EndProjectSection
EndProject
Project("{FAE04EC0-301F-11D3-BF4B-00C04F79EFBC}") = "ControleDeMateriais.Domain", "ControleDeMaterias.Domain\ControleDeMateriais.Domain.csproj", "{C1ED2725-A744-4664-A4BE-554887AA706B}"
EndProject
Project("{FAE04EC0-301F-11D3-BF4B-00C04F79EFBC}") = "ControleDeMateriais.Infrastructure", "ControleDeMateriais.Infrastructure\ControleDeMateriais.Infrastructure.csproj", "{DB627CAE-21E3-46BE-9534-040A843E77F8}"
	ProjectSection(ProjectDependencies) = postProject
		{C1ED2725-A744-4664-A4BE-554887AA706B} = {C1ED2725-A744-4664-A4BE-554887AA706B}
	EndProjectSection
EndProject
Project("{FAE04EC0-301F-11D3-BF4B-00C04F79EFBC}") = "ControleDeMateriais.Communication", "ControleDeMateriais.Communication\ControleDeMateriais.Communication.csproj", "{715D5B28-B0AF-47FB-9B2F-2C2F722A50E2}"
EndProject
Project("{FAE04EC0-301F-11D3-BF4B-00C04F79EFBC}") = "ControleDeMateriais.Exceptions", "ControleDeMateriais.Exceptions\ControleDeMateriais.Exceptions.csproj", "{46D13C78-3114-4F9E-BC66-48415F622BEA}"
EndProject
Global
	GlobalSection(SolutionConfigurationPlatforms) = preSolution
		Debug|Any CPU = Debug|Any CPU
		Release|Any CPU = Release|Any CPU
	EndGlobalSection
	GlobalSection(ProjectConfigurationPlatforms) = postSolution
		{2D617FF0-C8D9-49E3-B31B-A6EC93AC7964}.Debug|Any CPU.ActiveCfg = Debug|Any CPU
		{2D617FF0-C8D9-49E3-B31B-A6EC93AC7964}.Debug|Any CPU.Build.0 = Debug|Any CPU
		{2D617FF0-C8D9-49E3-B31B-A6EC93AC7964}.Release|Any CPU.ActiveCfg = Release|Any CPU
		{2D617FF0-C8D9-49E3-B31B-A6EC93AC7964}.Release|Any CPU.Build.0 = Release|Any CPU
		{0424B9ED-64C9-4CF0-8FCA-553450F65FBD}.Debug|Any CPU.ActiveCfg = Debug|Any CPU
		{0424B9ED-64C9-4CF0-8FCA-553450F65FBD}.Debug|Any CPU.Build.0 = Debug|Any CPU
		{0424B9ED-64C9-4CF0-8FCA-553450F65FBD}.Release|Any CPU.ActiveCfg = Release|Any CPU
		{0424B9ED-64C9-4CF0-8FCA-553450F65FBD}.Release|Any CPU.Build.0 = Release|Any CPU
		{C1ED2725-A744-4664-A4BE-554887AA706B}.Debug|Any CPU.ActiveCfg = Debug|Any CPU
		{C1ED2725-A744-4664-A4BE-554887AA706B}.Debug|Any CPU.Build.0 = Debug|Any CPU
		{C1ED2725-A744-4664-A4BE-554887AA706B}.Release|Any CPU.ActiveCfg = Release|Any CPU
		{C1ED2725-A744-4664-A4BE-554887AA706B}.Release|Any CPU.Build.0 = Release|Any CPU
		{DB627CAE-21E3-46BE-9534-040A843E77F8}.Debug|Any CPU.ActiveCfg = Debug|Any CPU
		{DB627CAE-21E3-46BE-9534-040A843E77F8}.Debug|Any CPU.Build.0 = Debug|Any CPU
		{DB627CAE-21E3-46BE-9534-040A843E77F8}.Release|Any CPU.ActiveCfg = Release|Any CPU
		{DB627CAE-21E3-46BE-9534-040A843E77F8}.Release|Any CPU.Build.0 = Release|Any CPU
		{715D5B28-B0AF-47FB-9B2F-2C2F722A50E2}.Debug|Any CPU.ActiveCfg = Debug|Any CPU
		{715D5B28-B0AF-47FB-9B2F-2C2F722A50E2}.Debug|Any CPU.Build.0 = Debug|Any CPU
		{715D5B28-B0AF-47FB-9B2F-2C2F722A50E2}.Release|Any CPU.ActiveCfg = Release|Any CPU
		{715D5B28-B0AF-47FB-9B2F-2C2F722A50E2}.Release|Any CPU.Build.0 = Release|Any CPU
		{46D13C78-3114-4F9E-BC66-48415F622BEA}.Debug|Any CPU.ActiveCfg = Debug|Any CPU
		{46D13C78-3114-4F9E-BC66-48415F622BEA}.Debug|Any CPU.Build.0 = Debug|Any CPU
		{46D13C78-3114-4F9E-BC66-48415F622BEA}.Release|Any CPU.ActiveCfg = Release|Any CPU
		{46D13C78-3114-4F9E-BC66-48415F622BEA}.Release|Any CPU.Build.0 = Release|Any CPU
	EndGlobalSection
	GlobalSection(SolutionProperties) = preSolution
		HideSolutionNode = FALSE
	EndGlobalSection
	GlobalSection(NestedProjects) = preSolution
		{BF0F17F2-7C4E-44F7-AFEA-A47B720A0000} = {DBDBD4A4-175D-47A8-A01D-03DB911B954F}
		{E4409FAA-7114-4FE6-AC56-F07F97EADC17} = {DBDBD4A4-175D-47A8-A01D-03DB911B954F}
		{2D617FF0-C8D9-49E3-B31B-A6EC93AC7964} = {BF0F17F2-7C4E-44F7-AFEA-A47B720A0000}
		{0424B9ED-64C9-4CF0-8FCA-553450F65FBD} = {BF0F17F2-7C4E-44F7-AFEA-A47B720A0000}
		{C1ED2725-A744-4664-A4BE-554887AA706B} = {BF0F17F2-7C4E-44F7-AFEA-A47B720A0000}
		{DB627CAE-21E3-46BE-9534-040A843E77F8} = {BF0F17F2-7C4E-44F7-AFEA-A47B720A0000}
		{715D5B28-B0AF-47FB-9B2F-2C2F722A50E2} = {E4409FAA-7114-4FE6-AC56-F07F97EADC17}
		{46D13C78-3114-4F9E-BC66-48415F622BEA} = {E4409FAA-7114-4FE6-AC56-F07F97EADC17}
	EndGlobalSection
	GlobalSection(ExtensibilityGlobals) = postSolution
		SolutionGuid = {C9DCFBA9-214B-4690-A37A-EA71A716288D}
	EndGlobalSection
EndGlobal
